
Microsoft Visual Studio Solution File, Format Version 12.00
# Visual Studio Version 16
VisualStudioVersion = 16.0.31129.286
MinimumVisualStudioVersion = 10.0.40219.1
Project("{FAE04EC0-301F-11D3-BF4B-00C04F79EFBC}") = "ODataTest", "ODataTest\ODataTest.csproj", "{F383BCFC-820E-47E3-9909-A61E7B8D1B63}"
EndProject
Global
	GlobalSection(SolutionConfigurationPlatforms) = preSolution
		Debug|Any CPU = Debug|Any CPU
		Release|Any CPU = Release|Any CPU
	EndGlobalSection
	GlobalSection(ProjectConfigurationPlatforms) = postSolution
		{F383BCFC-820E-47E3-9909-A61E7B8D1B63}.Debug|Any CPU.ActiveCfg = Debug|Any CPU
		{F383BCFC-820E-47E3-9909-A61E7B8D1B63}.Debug|Any CPU.Build.0 = Debug|Any CPU
		{F383BCFC-820E-47E3-9909-A61E7B8D1B63}.Release|Any CPU.ActiveCfg = Release|Any CPU
		{F383BCFC-820E-47E3-9909-A61E7B8D1B63}.Release|Any CPU.Build.0 = Release|Any CPU
	EndGlobalSection
	GlobalSection(SolutionProperties) = preSolution
		HideSolutionNode = FALSE
	EndGlobalSection
	GlobalSection(ExtensibilityGlobals) = postSolution
		SolutionGuid = {6BA887A5-11E4-4949-B54F-FBBDE357E063}
	EndGlobalSection
EndGlobal
